
Microsoft Visual Studio Solution File, Format Version 12.00
# Visual Studio Version 17
VisualStudioVersion = 17.1.32421.90
MinimumVisualStudioVersion = 10.0.40219.1
Project("{FAE04EC0-301F-11D3-BF4B-00C04F79EFBC}") = "ROIBackend", "ROIBackend\ROIBackend.csproj", "{F7E332C3-80F3-4640-8390-2BBC67F88DB9}"
EndProject
Global
	GlobalSection(SolutionConfigurationPlatforms) = preSolution
		Debug|Any CPU = Debug|Any CPU
		Release|Any CPU = Release|Any CPU
	EndGlobalSection
	GlobalSection(ProjectConfigurationPlatforms) = postSolution
		{F7E332C3-80F3-4640-8390-2BBC67F88DB9}.Debug|Any CPU.ActiveCfg = Debug|Any CPU
		{F7E332C3-80F3-4640-8390-2BBC67F88DB9}.Debug|Any CPU.Build.0 = Debug|Any CPU
		{F7E332C3-80F3-4640-8390-2BBC67F88DB9}.Release|Any CPU.ActiveCfg = Release|Any CPU
		{F7E332C3-80F3-4640-8390-2BBC67F88DB9}.Release|Any CPU.Build.0 = Release|Any CPU
	EndGlobalSection
	GlobalSection(SolutionProperties) = preSolution
		HideSolutionNode = FALSE
	EndGlobalSection
	GlobalSection(ExtensibilityGlobals) = postSolution
		SolutionGuid = {E6850E9A-9ACC-4953-8820-8EC62A9A05E3}
	EndGlobalSection
EndGlobal
